
Microsoft Visual Studio Solution File, Format Version 12.00
# Visual Studio Version 17
VisualStudioVersion = 17.1.32414.318
MinimumVisualStudioVersion = 10.0.40219.1
Project("{FAE04EC0-301F-11D3-BF4B-00C04F79EFBC}") = "KarolWronaEFProducts", "KarolWronaEFProducts\KarolWronaEFProducts.csproj", "{07D13135-3B99-496E-8261-1BF577681172}"
EndProject
Global
	GlobalSection(SolutionConfigurationPlatforms) = preSolution
		Debug|Any CPU = Debug|Any CPU
		Release|Any CPU = Release|Any CPU
	EndGlobalSection
	GlobalSection(ProjectConfigurationPlatforms) = postSolution
		{07D13135-3B99-496E-8261-1BF577681172}.Debug|Any CPU.ActiveCfg = Debug|Any CPU
		{07D13135-3B99-496E-8261-1BF577681172}.Debug|Any CPU.Build.0 = Debug|Any CPU
		{07D13135-3B99-496E-8261-1BF577681172}.Release|Any CPU.ActiveCfg = Release|Any CPU
		{07D13135-3B99-496E-8261-1BF577681172}.Release|Any CPU.Build.0 = Release|Any CPU
	EndGlobalSection
	GlobalSection(SolutionProperties) = preSolution
		HideSolutionNode = FALSE
	EndGlobalSection
	GlobalSection(ExtensibilityGlobals) = postSolution
		SolutionGuid = {F92DBF90-B437-4FEB-9872-8E501FF84A99}
	EndGlobalSection
EndGlobal
